
Microsoft Visual Studio Solution File, Format Version 12.00
# Visual Studio 15
VisualStudioVersion = 15.0.27428.2027
MinimumVisualStudioVersion = 10.0.40219.1
Project("{FAE04EC0-301F-11D3-BF4B-00C04F79EFBC}") = "Catan.Tests", "test\Catan.Tests\Catan.Tests.csproj", "{A2FA8EE7-482B-489A-9A5B-B0932C4E00A6}"
EndProject
Global
	GlobalSection(SolutionConfigurationPlatforms) = preSolution
		Debug|Any CPU = Debug|Any CPU
		Release|Any CPU = Release|Any CPU
	EndGlobalSection
	GlobalSection(ProjectConfigurationPlatforms) = postSolution
		{A2FA8EE7-482B-489A-9A5B-B0932C4E00A6}.Debug|Any CPU.ActiveCfg = Debug|Any CPU
		{A2FA8EE7-482B-489A-9A5B-B0932C4E00A6}.Debug|Any CPU.Build.0 = Debug|Any CPU
		{A2FA8EE7-482B-489A-9A5B-B0932C4E00A6}.Release|Any CPU.ActiveCfg = Release|Any CPU
		{A2FA8EE7-482B-489A-9A5B-B0932C4E00A6}.Release|Any CPU.Build.0 = Release|Any CPU
	EndGlobalSection
	GlobalSection(SolutionProperties) = preSolution
		HideSolutionNode = FALSE
	EndGlobalSection
	GlobalSection(ExtensibilityGlobals) = postSolution
		SolutionGuid = {648E075C-E3AA-4AC5-AE85-B66665CD7C33}
	EndGlobalSection
EndGlobal
